PODS:
  - AliyunOSSiOS (2.10.15)
  - AliyunVideoSDKStd (3.33.0):
    - AliyunVideoSDKStd/all (= 3.33.0)
  - AliyunVideoSDKStd/all (3.33.0):
    - QuCore-ThirdParty (~> 4.3.2)
    - VODUpload (~> 1.6.6)
  - boost (1.76.0)
  - CocoaAsyncSocket (7.6.5)
  - DoubleConversion (1.1.6)
  - FBLazyVector (0.69.2)
  - FBReactNativeSpec (0.69.2):
    - RCT-Folly (= 2021.06.28.00-v2)
    - RCTRequired (= 0.69.2)
    - RCTTypeSafety (= 0.69.2)
    - React-Core (= 0.69.2)
    - React-jsi (= 0.69.2)
    - ReactCommon/turbomodule/core (= 0.69.2)
  - Flipper (0.125.0):
    - Flipper-Folly (~> 2.6)
    - Flipper-RSocket (~> 1.4)
  - Flipper-Boost-iOSX (1.76.0.1.11)
  - Flipper-DoubleConversion (3.2.0.1)
  - Flipper-Fmt (7.1.7)
  - Flipper-Folly (2.6.10):
    - Flipper-Boost-iOSX
    - Flipper-DoubleConversion
    - Flipper-Fmt (= 7.1.7)
    - Flipper-Glog
    - libevent (~> 2.1.12)
    - OpenSSL-Universal (= 1.1.1100)
  - Flipper-Glog (0.5.0.5)
  - Flipper-PeerTalk (0.0.4)
  - Flipper-RSocket (1.4.3):
    - Flipper-Folly (~> 2.6)
  - FlipperKit (0.125.0):
    - FlipperKit/Core (= 0.125.0)
  - FlipperKit/Core (0.125.0):
    - Flipper (~> 0.125.0)
    - FlipperKit/CppBridge
    - FlipperKit/FBCxxFollyDynamicConvert
    - FlipperKit/FBDefines
    - FlipperKit/FKPortForwarding
    - SocketRocket (~> 0.6.0)
  - FlipperKit/CppBridge (0.125.0):
    - Flipper (~> 0.125.0)
  - FlipperKit/FBCxxFollyDynamicConvert (0.125.0):
    - Flipper-Folly (~> 2.6)
  - FlipperKit/FBDefines (0.125.0)
  - FlipperKit/FKPortForwarding (0.125.0):
    - CocoaAsyncSocket (~> 7.6)
    - Flipper-PeerTalk (~> 0.0.4)
  - FlipperKit/FlipperKitHighlightOverlay (0.125.0)
  - FlipperKit/FlipperKitLayoutHelpers (0.125.0):
    - FlipperKit/Core
    - FlipperKit/FlipperKitHighlightOverlay
    - FlipperKit/FlipperKitLayoutTextSearchable
  - FlipperKit/FlipperKitLayoutIOSDescriptors (0.125.0):
    - FlipperKit/Core
    - FlipperKit/FlipperKitHighlightOverlay
    - FlipperKit/FlipperKitLayoutHelpers
    - YogaKit (~> 1.18)
  - FlipperKit/FlipperKitLayoutPlugin (0.125.0):
    - FlipperKit/Core
    - FlipperKit/FlipperKitHighlightOverlay
    - FlipperKit/FlipperKitLayoutHelpers
    - FlipperKit/FlipperKitLayoutIOSDescriptors
    - FlipperKit/FlipperKitLayoutTextSearchable
    - YogaKit (~> 1.18)
  - FlipperKit/FlipperKitLayoutTextSearchable (0.125.0)
  - FlipperKit/FlipperKitNetworkPlugin (0.125.0):
    - FlipperKit/Core
  - FlipperKit/FlipperKitReactPlugin (0.125.0):
    - FlipperKit/Core
  - FlipperKit/FlipperKitUserDefaultsPlugin (0.125.0):
    - FlipperKit/Core
  - FlipperKit/SKIOSNetworkPlugin (0.125.0):
    - FlipperKit/Core
    - FlipperKit/FlipperKitNetworkPlugin
  - fmt (6.2.1)
  - glog (0.3.5)
  - GoogleDataTransport (9.2.0):
    - GoogleUtilities/Environment (~> 7.7)
    - nanopb (< 2.30910.0, >= 2.30908.0)
    - PromisesObjC (< 3.0, >= 1.2)
  - GoogleMLKit/BarcodeScanning (3.2.0):
    - GoogleMLKit/MLKitCore
    - MLKitBarcodeScanning (~> 2.2.0)
  - GoogleMLKit/MLKitCore (3.2.0):
    - MLKitCommon (~> 8.0.0)
  - GoogleToolboxForMac/DebugUtils (2.3.2):
    - GoogleToolboxForMac/Defines (= 2.3.2)
  - GoogleToolboxForMac/Defines (2.3.2)
  - GoogleToolboxForMac/Logger (2.3.2):
    - GoogleToolboxForMac/Defines (= 2.3.2)
  - "GoogleToolboxForMac/NSData+zlib (2.3.2)":
    - GoogleToolboxForMac/Defines (= 2.3.2)
  - "GoogleToolboxForMac/NSDictionary+URLArguments (2.3.2)":
    - GoogleToolboxForMac/DebugUtils (= 2.3.2)
    - GoogleToolboxForMac/Defines (= 2.3.2)
    - "GoogleToolboxForMac/NSString+URLArguments (= 2.3.2)"
  - "GoogleToolboxForMac/NSString+URLArguments (2.3.2)"
  - GoogleUtilities/Environment (7.8.0):
    - PromisesObjC (< 3.0, >= 1.2)
  - GoogleUtilities/Logger (7.8.0):
    - GoogleUtilities/Environment
  - GoogleUtilities/UserDefaults (7.8.0):
    - GoogleUtilities/Logger
  - GoogleUtilitiesComponents (1.1.0):
    - GoogleUtilities/Logger
  - GTMSessionFetcher/Core (1.7.2)
  - libevent (2.1.12)
  - lottie-ios (3.4.0)
  - lottie-react-native (5.1.4):
    - lottie-ios (~> 3.4.0)
    - React-Core
  - MLImage (1.0.0-beta3)
  - MLKitBarcodeScanning (2.2.0):
    - MLKitCommon (~> 8.0)
    - MLKitVision (~> 4.2)
  - MLKitCommon (8.0.0):
    - GoogleDataTransport (~> 9.0)
    - GoogleToolboxForMac/Logger (~> 2.1)
    - "GoogleToolboxForMac/NSData+zlib (~> 2.1)"
    - "GoogleToolboxForMac/NSDictionary+URLArguments (~> 2.1)"
    - GoogleUtilities/UserDefaults (~> 7.0)
    - GoogleUtilitiesComponents (~> 1.0)
    - GTMSessionFetcher/Core (~> 1.1)
    - Protobuf (~> 3.12)
  - MLKitVision (4.2.0):
    - GoogleToolboxForMac/Logger (~> 2.1)
    - "GoogleToolboxForMac/NSData+zlib (~> 2.1)"
    - GTMSessionFetcher/Core (~> 1.1)
    - MLImage (= 1.0.0-beta3)
    - MLKitCommon (~> 8.0)
    - Protobuf (~> 3.12)
  - nanopb (2.30909.0):
    - nanopb/decode (= 2.30909.0)
    - nanopb/encode (= 2.30909.0)
  - nanopb/decode (2.30909.0)
  - nanopb/encode (2.30909.0)
  - OpenSSL-Universal (1.1.1100)
  - PromisesObjC (2.1.1)
  - PromisesSwift (2.1.1):
    - PromisesObjC (= 2.1.1)
  - Protobuf (3.21.9)
  - QuCore-ThirdParty (4.3.2.1)
  - RCT-Folly (2021.06.28.00-v2):
    - boost
    - DoubleConversion
    - fmt (~> 6.2.1)
    - glog
    - RCT-Folly/Default (= 2021.06.28.00-v2)
  - RCT-Folly/Default (2021.06.28.00-v2):
    - boost
    - DoubleConversion
    - fmt (~> 6.2.1)
    - glog
  - RCTRequired (0.69.2)
  - RCTTypeSafety (0.69.2):
    - FBLazyVector (= 0.69.2)
    - RCTRequired (= 0.69.2)
    - React-Core (= 0.69.2)
  - React (0.69.2):
    - React-Core (= 0.69.2)
    - React-Core/DevSupport (= 0.69.2)
    - React-Core/RCTWebSocket (= 0.69.2)
    - React-RCTActionSheet (= 0.69.2)
    - React-RCTAnimation (= 0.69.2)
    - React-RCTBlob (= 0.69.2)
    - React-RCTImage (= 0.69.2)
    - React-RCTLinking (= 0.69.2)
    - React-RCTNetwork (= 0.69.2)
    - React-RCTSettings (= 0.69.2)
    - React-RCTText (= 0.69.2)
    - React-RCTVibration (= 0.69.2)
  - React-bridging (0.69.2):
    - RCT-Folly (= 2021.06.28.00-v2)
    - React-jsi (= 0.69.2)
  - React-callinvoker (0.69.2)
  - React-Codegen (0.69.2):
    - FBReactNativeSpec (= 0.69.2)
    - RCT-Folly (= 2021.06.28.00-v2)
    - RCTRequired (= 0.69.2)
    - RCTTypeSafety (= 0.69.2)
    - React-Core (= 0.69.2)
    - React-jsi (= 0.69.2)
    - React-jsiexecutor (= 0.69.2)
    - ReactCommon/turbomodule/core (= 0.69.2)
  - React-Core (0.69.2):
    - glog
    - RCT-Folly (= 2021.06.28.00-v2)
    - React-Core/Default (= 0.69.2)
    - React-cxxreact (= 0.69.2)
    - React-jsi (= 0.69.2)
    - React-jsiexecutor (= 0.69.2)
    - React-perflogger (= 0.69.2)
    - Yoga
  - React-Core/CoreModulesHeaders (0.69.2):
    - glog
    - RCT-Folly (= 2021.06.28.00-v2)
    - React-Core/Default
    - React-cxxreact (= 0.69.2)
    - React-jsi (= 0.69.2)
    - React-jsiexecutor (= 0.69.2)
    - React-perflogger (= 0.69.2)
    - Yoga
  - React-Core/Default (0.69.2):
    - glog
    - RCT-Folly (= 2021.06.28.00-v2)
    - React-cxxreact (= 0.69.2)
    - React-jsi (= 0.69.2)
    - React-jsiexecutor (= 0.69.2)
    - React-perflogger (= 0.69.2)
    - Yoga
  - React-Core/DevSupport (0.69.2):
    - glog
    - RCT-Folly (= 2021.06.28.00-v2)
    - React-Core/Default (= 0.69.2)
    - React-Core/RCTWebSocket (= 0.69.2)
    - React-cxxreact (= 0.69.2)
    - React-jsi (= 0.69.2)
    - React-jsiexecutor (= 0.69.2)
    - React-jsinspector (= 0.69.2)
    - React-perflogger (= 0.69.2)
    - Yoga
  - React-Core/RCTActionSheetHeaders (0.69.2):
    - glog
    - RCT-Folly (= 2021.06.28.00-v2)
    - React-Core/Default
    - React-cxxreact (= 0.69.2)
    - React-jsi (= 0.69.2)
    - React-jsiexecutor (= 0.69.2)
    - React-perflogger (= 0.69.2)
    - Yoga
  - React-Core/RCTAnimationHeaders (0.69.2):
    - glog
    - RCT-Folly (= 2021.06.28.00-v2)
    - React-Core/Default
    - React-cxxreact (= 0.69.2)
    - React-jsi (= 0.69.2)
    - React-jsiexecutor (= 0.69.2)
    - React-perflogger (= 0.69.2)
    - Yoga
  - React-Core/RCTBlobHeaders (0.69.2):
    - glog
    - RCT-Folly (= 2021.06.28.00-v2)
    - React-Core/Default
    - React-cxxreact (= 0.69.2)
    - React-jsi (= 0.69.2)
    - React-jsiexecutor (= 0.69.2)
    - React-perflogger (= 0.69.2)
    - Yoga
  - React-Core/RCTImageHeaders (0.69.2):
    - glog
    - RCT-Folly (= 2021.06.28.00-v2)
    - React-Core/Default
    - React-cxxreact (= 0.69.2)
    - React-jsi (= 0.69.2)
    - React-jsiexecutor (= 0.69.2)
    - React-perflogger (= 0.69.2)
    - Yoga
  - React-Core/RCTLinkingHeaders (0.69.2):
    - glog
    - RCT-Folly (= 2021.06.28.00-v2)
    - React-Core/Default
    - React-cxxreact (= 0.69.2)
    - React-jsi (= 0.69.2)
    - React-jsiexecutor (= 0.69.2)
    - React-perflogger (= 0.69.2)
    - Yoga
  - React-Core/RCTNetworkHeaders (0.69.2):
    - glog
    - RCT-Folly (= 2021.06.28.00-v2)
    - React-Core/Default
    - React-cxxreact (= 0.69.2)
    - React-jsi (= 0.69.2)
    - React-jsiexecutor (= 0.69.2)
    - React-perflogger (= 0.69.2)
    - Yoga
  - React-Core/RCTSettingsHeaders (0.69.2):
    - glog
    - RCT-Folly (= 2021.06.28.00-v2)
    - React-Core/Default
    - React-cxxreact (= 0.69.2)
    - React-jsi (= 0.69.2)
    - React-jsiexecutor (= 0.69.2)
    - React-perflogger (= 0.69.2)
    - Yoga
  - React-Core/RCTTextHeaders (0.69.2):
    - glog
    - RCT-Folly (= 2021.06.28.00-v2)
    - React-Core/Default
    - React-cxxreact (= 0.69.2)
    - React-jsi (= 0.69.2)
    - React-jsiexecutor (= 0.69.2)
    - React-perflogger (= 0.69.2)
    - Yoga
  - React-Core/RCTVibrationHeaders (0.69.2):
    - glog
    - RCT-Folly (= 2021.06.28.00-v2)
    - React-Core/Default
    - React-cxxreact (= 0.69.2)
    - React-jsi (= 0.69.2)
    - React-jsiexecutor (= 0.69.2)
    - React-perflogger (= 0.69.2)
    - Yoga
  - React-Core/RCTWebSocket (0.69.2):
    - glog
    - RCT-Folly (= 2021.06.28.00-v2)
    - React-Core/Default (= 0.69.2)
    - React-cxxreact (= 0.69.2)
    - React-jsi (= 0.69.2)
    - React-jsiexecutor (= 0.69.2)
    - React-perflogger (= 0.69.2)
    - Yoga
  - React-CoreModules (0.69.2):
    - RCT-Folly (= 2021.06.28.00-v2)
    - RCTTypeSafety (= 0.69.2)
    - React-Codegen (= 0.69.2)
    - React-Core/CoreModulesHeaders (= 0.69.2)
    - React-jsi (= 0.69.2)
    - React-RCTImage (= 0.69.2)
    - ReactCommon/turbomodule/core (= 0.69.2)
  - React-cxxreact (0.69.2):
    - boost (= 1.76.0)
    - DoubleConversion
    - glog
    - RCT-Folly (= 2021.06.28.00-v2)
    - React-callinvoker (= 0.69.2)
    - React-jsi (= 0.69.2)
    - React-jsinspector (= 0.69.2)
    - React-logger (= 0.69.2)
    - React-perflogger (= 0.69.2)
    - React-runtimeexecutor (= 0.69.2)
  - React-jsi (0.69.2):
    - boost (= 1.76.0)
    - DoubleConversion
    - glog
    - RCT-Folly (= 2021.06.28.00-v2)
    - React-jsi/Default (= 0.69.2)
  - React-jsi/Default (0.69.2):
    - boost (= 1.76.0)
    - DoubleConversion
    - glog
    - RCT-Folly (= 2021.06.28.00-v2)
  - React-jsiexecutor (0.69.2):
    - DoubleConversion
    - glog
    - RCT-Folly (= 2021.06.28.00-v2)
    - React-cxxreact (= 0.69.2)
    - React-jsi (= 0.69.2)
    - React-perflogger (= 0.69.2)
  - React-jsinspector (0.69.2)
  - React-logger (0.69.2):
    - glog
  - react-native-cameraroll (4.1.2):
    - React-Core
  - react-native-geolocation-service (5.3.1):
    - React
  - react-native-image-picker (4.10.0):
    - React-Core
  - react-native-image-resizer (3.0.4):
    - React-Core
  - react-native-pager-view (5.4.25):
    - React-Core
  - react-native-safe-area-context (4.4.1):
    - RCT-Folly
    - RCTRequired
    - RCTTypeSafety
    - React-Core
    - ReactCommon/turbomodule/core
  - react-native-segmented-control (2.2.2):
    - React-Core
  - react-native-slider (4.3.2):
    - React-Core
  - react-native-video (6.0.0-alpha.3):
    - React-Core
    - react-native-video/Video (= 6.0.0-alpha.3)
  - react-native-video/Video (6.0.0-alpha.3):
    - PromisesSwift
    - React-Core
  - react-native-webview (11.23.1):
    - React-Core
  - React-perflogger (0.69.2)
  - React-RCTActionSheet (0.69.2):
    - React-Core/RCTActionSheetHeaders (= 0.69.2)
  - React-RCTAnimation (0.69.2):
    - RCT-Folly (= 2021.06.28.00-v2)
    - RCTTypeSafety (= 0.69.2)
    - React-Codegen (= 0.69.2)
    - React-Core/RCTAnimationHeaders (= 0.69.2)
    - React-jsi (= 0.69.2)
    - ReactCommon/turbomodule/core (= 0.69.2)
  - React-RCTBlob (0.69.2):
    - RCT-Folly (= 2021.06.28.00-v2)
    - React-Codegen (= 0.69.2)
    - React-Core/RCTBlobHeaders (= 0.69.2)
    - React-Core/RCTWebSocket (= 0.69.2)
    - React-jsi (= 0.69.2)
    - React-RCTNetwork (= 0.69.2)
    - ReactCommon/turbomodule/core (= 0.69.2)
  - React-RCTImage (0.69.2):
    - RCT-Folly (= 2021.06.28.00-v2)
    - RCTTypeSafety (= 0.69.2)
    - React-Codegen (= 0.69.2)
    - React-Core/RCTImageHeaders (= 0.69.2)
    - React-jsi (= 0.69.2)
    - React-RCTNetwork (= 0.69.2)
    - ReactCommon/turbomodule/core (= 0.69.2)
  - React-RCTLinking (0.69.2):
    - React-Codegen (= 0.69.2)
    - React-Core/RCTLinkingHeaders (= 0.69.2)
    - React-jsi (= 0.69.2)
    - ReactCommon/turbomodule/core (= 0.69.2)
  - React-RCTNetwork (0.69.2):
    - RCT-Folly (= 2021.06.28.00-v2)
    - RCTTypeSafety (= 0.69.2)
    - React-Codegen (= 0.69.2)
    - React-Core/RCTNetworkHeaders (= 0.69.2)
    - React-jsi (= 0.69.2)
    - ReactCommon/turbomodule/core (= 0.69.2)
  - React-RCTSettings (0.69.2):
    - RCT-Folly (= 2021.06.28.00-v2)
    - RCTTypeSafety (= 0.69.2)
    - React-Codegen (= 0.69.2)
    - React-Core/RCTSettingsHeaders (= 0.69.2)
    - React-jsi (= 0.69.2)
    - ReactCommon/turbomodule/core (= 0.69.2)
  - React-RCTText (0.69.2):
    - React-Core/RCTTextHeaders (= 0.69.2)
  - React-RCTVibration (0.69.2):
    - RCT-Folly (= 2021.06.28.00-v2)
    - React-Codegen (= 0.69.2)
    - React-Core/RCTVibrationHeaders (= 0.69.2)
    - React-jsi (= 0.69.2)
    - ReactCommon/turbomodule/core (= 0.69.2)
  - React-runtimeexecutor (0.69.2):
    - React-jsi (= 0.69.2)
  - ReactCommon/turbomodule/core (0.69.2):
    - DoubleConversion
    - glog
    - RCT-Folly (= 2021.06.28.00-v2)
    - React-bridging (= 0.69.2)
    - React-callinvoker (= 0.69.2)
    - React-Core (= 0.69.2)
    - React-cxxreact (= 0.69.2)
    - React-jsi (= 0.69.2)
    - React-logger (= 0.69.2)
    - React-perflogger (= 0.69.2)
  - RNCAsyncStorage (1.17.10):
    - React-Core
  - RNCClipboard (1.11.1):
    - React-Core
  - RNCPicker (2.4.8):
    - React-Core
  - RNFS (2.20.0):
    - React-Core
  - RNGestureHandler (2.8.0):
    - React-Core
  - RNReanimated (2.10.0):
    - DoubleConversion
    - FBLazyVector
    - FBReactNativeSpec
    - glog
    - RCT-Folly
    - RCTRequired
    - RCTTypeSafety
    - React-callinvoker
    - React-Core
    - React-Core/DevSupport
    - React-Core/RCTWebSocket
    - React-CoreModules
    - React-cxxreact
    - React-jsi
    - React-jsiexecutor
    - React-jsinspector
    - React-RCTActionSheet
    - React-RCTAnimation
    - React-RCTBlob
    - React-RCTImage
    - React-RCTLinking
    - React-RCTNetwork
    - React-RCTSettings
    - React-RCTText
    - ReactCommon/turbomodule/core
    - Yoga
  - RNScreens (3.18.2):
    - React-Core
    - React-RCTImage
  - RNSVG (13.4.0):
    - React-Core
  - SocketRocket (0.6.0)
  - vision-camera-code-scanner (0.2.0):
    - GoogleMLKit/BarcodeScanning
    - React-Core
  - VisionCamera (2.15.0):
    - React
    - React-callinvoker
    - React-Core
  - VODUpload (1.6.6):
    - AliyunOSSiOS
  - Yoga (1.14.0)
  - YogaKit (1.18.1):
    - Yoga (~> 1.14)

DEPENDENCIES:
  - AliyunVideoSDKStd (~> 3.33.0)
  - boost (from `../node_modules/react-native/third-party-podspecs/boost.podspec`)
  - DoubleConversion (from `../node_modules/react-native/third-party-podspecs/DoubleConversion.podspec`)
  - FBLazyVector (from `../node_modules/react-native/Libraries/FBLazyVector`)
  - FBReactNativeSpec (from `../node_modules/react-native/React/FBReactNativeSpec`)
  - Flipper (= 0.125.0)
  - Flipper-Boost-iOSX (= 1.76.0.1.11)
  - Flipper-DoubleConversion (= 3.2.0.1)
  - Flipper-Fmt (= 7.1.7)
  - Flipper-Folly (= 2.6.10)
  - Flipper-Glog (= 0.5.0.5)
  - Flipper-PeerTalk (= 0.0.4)
  - Flipper-RSocket (= 1.4.3)
  - FlipperKit (= 0.125.0)
  - FlipperKit/Core (= 0.125.0)
  - FlipperKit/CppBridge (= 0.125.0)
  - FlipperKit/FBCxxFollyDynamicConvert (= 0.125.0)
  - FlipperKit/FBDefines (= 0.125.0)
  - FlipperKit/FKPortForwarding (= 0.125.0)
  - FlipperKit/FlipperKitHighlightOverlay (= 0.125.0)
  - FlipperKit/FlipperKitLayoutPlugin (= 0.125.0)
  - FlipperKit/FlipperKitLayoutTextSearchable (= 0.125.0)
  - FlipperKit/FlipperKitNetworkPlugin (= 0.125.0)
  - FlipperKit/FlipperKitReactPlugin (= 0.125.0)
  - FlipperKit/FlipperKitUserDefaultsPlugin (= 0.125.0)
  - FlipperKit/SKIOSNetworkPlugin (= 0.125.0)
  - glog (from `../node_modules/react-native/third-party-podspecs/glog.podspec`)
  - lottie-ios (from `../node_modules/lottie-ios`)
  - lottie-react-native (from `../node_modules/lottie-react-native`)
  - OpenSSL-Universal (= 1.1.1100)
  - RCT-Folly (from `../node_modules/react-native/third-party-podspecs/RCT-Folly.podspec`)
  - RCTRequired (from `../node_modules/react-native/Libraries/RCTRequired`)
  - RCTTypeSafety (from `../node_modules/react-native/Libraries/TypeSafety`)
  - React (from `../node_modules/react-native/`)
  - React-bridging (from `../node_modules/react-native/ReactCommon`)
  - React-callinvoker (from `../node_modules/react-native/ReactCommon/callinvoker`)
  - React-Codegen (from `build/generated/ios`)
  - React-Core (from `../node_modules/react-native/`)
  - React-Core/DevSupport (from `../node_modules/react-native/`)
  - React-Core/RCTWebSocket (from `../node_modules/react-native/`)
  - React-CoreModules (from `../node_modules/react-native/React/CoreModules`)
  - React-cxxreact (from `../node_modules/react-native/ReactCommon/cxxreact`)
  - React-jsi (from `../node_modules/react-native/ReactCommon/jsi`)
  - React-jsiexecutor (from `../node_modules/react-native/ReactCommon/jsiexecutor`)
  - React-jsinspector (from `../node_modules/react-native/ReactCommon/jsinspector`)
  - React-logger (from `../node_modules/react-native/ReactCommon/logger`)
  - "react-native-cameraroll (from `../node_modules/@react-native-community/cameraroll`)"
  - react-native-geolocation-service (from `../node_modules/react-native-geolocation-service`)
  - react-native-image-picker (from `../node_modules/react-native-image-picker`)
  - "react-native-image-resizer (from `../node_modules/@bam.tech/react-native-image-resizer`)"
  - react-native-pager-view (from `../node_modules/react-native-pager-view`)
  - react-native-safe-area-context (from `../node_modules/react-native-safe-area-context`)
  - "react-native-segmented-control (from `../node_modules/@react-native-community/segmented-control`)"
  - "react-native-slider (from `../node_modules/@react-native-community/slider`)"
  - react-native-video (from `../node_modules/react-native-video`)
  - react-native-webview (from `../node_modules/react-native-webview`)
  - React-perflogger (from `../node_modules/react-native/ReactCommon/reactperflogger`)
  - React-RCTActionSheet (from `../node_modules/react-native/Libraries/ActionSheetIOS`)
  - React-RCTAnimation (from `../node_modules/react-native/Libraries/NativeAnimation`)
  - React-RCTBlob (from `../node_modules/react-native/Libraries/Blob`)
  - React-RCTImage (from `../node_modules/react-native/Libraries/Image`)
  - React-RCTLinking (from `../node_modules/react-native/Libraries/LinkingIOS`)
  - React-RCTNetwork (from `../node_modules/react-native/Libraries/Network`)
  - React-RCTSettings (from `../node_modules/react-native/Libraries/Settings`)
  - React-RCTText (from `../node_modules/react-native/Libraries/Text`)
  - React-RCTVibration (from `../node_modules/react-native/Libraries/Vibration`)
  - React-runtimeexecutor (from `../node_modules/react-native/ReactCommon/runtimeexecutor`)
  - ReactCommon/turbomodule/core (from `../node_modules/react-native/ReactCommon`)
  - "RNCAsyncStorage (from `../node_modules/@react-native-async-storage/async-storage`)"
  - "RNCClipboard (from `../node_modules/@react-native-clipboard/clipboard`)"
  - "RNCPicker (from `../node_modules/@react-native-picker/picker`)"
  - RNFS (from `../node_modules/react-native-fs`)
  - RNGestureHandler (from `../node_modules/react-native-gesture-handler`)
  - RNReanimated (from `../node_modules/react-native-reanimated`)
  - RNScreens (from `../node_modules/react-native-screens`)
  - RNSVG (from `../node_modules/react-native-svg`)
  - vision-camera-code-scanner (from `../node_modules/vision-camera-code-scanner`)
  - VisionCamera (from `../node_modules/react-native-vision-camera`)
  - VODUpload
  - Yoga (from `../node_modules/react-native/ReactCommon/yoga`)

SPEC REPOS:
  trunk:
    - AliyunOSSiOS
    - AliyunVideoSDKStd
    - CocoaAsyncSocket
    - Flipper
    - Flipper-Boost-iOSX
    - Flipper-DoubleConversion
    - Flipper-Fmt
    - Flipper-Folly
    - Flipper-Glog
    - Flipper-PeerTalk
    - Flipper-RSocket
    - FlipperKit
    - fmt
    - GoogleDataTransport
    - GoogleMLKit
    - GoogleToolboxForMac
    - GoogleUtilities
    - GoogleUtilitiesComponents
    - GTMSessionFetcher
    - libevent
    - MLImage
    - MLKitBarcodeScanning
    - MLKitCommon
    - MLKitVision
    - nanopb
    - OpenSSL-Universal
    - PromisesObjC
    - PromisesSwift
    - Protobuf
    - QuCore-ThirdParty
    - SocketRocket
    - VODUpload
    - YogaKit

EXTERNAL SOURCES:
  boost:
    :podspec: "../node_modules/react-native/third-party-podspecs/boost.podspec"
  DoubleConversion:
    :podspec: "../node_modules/react-native/third-party-podspecs/DoubleConversion.podspec"
  FBLazyVector:
    :path: "../node_modules/react-native/Libraries/FBLazyVector"
  FBReactNativeSpec:
    :path: "../node_modules/react-native/React/FBReactNativeSpec"
  glog:
    :podspec: "../node_modules/react-native/third-party-podspecs/glog.podspec"
  lottie-ios:
    :path: "../node_modules/lottie-ios"
  lottie-react-native:
    :path: "../node_modules/lottie-react-native"
  RCT-Folly:
    :podspec: "../node_modules/react-native/third-party-podspecs/RCT-Folly.podspec"
  RCTRequired:
    :path: "../node_modules/react-native/Libraries/RCTRequired"
  RCTTypeSafety:
    :path: "../node_modules/react-native/Libraries/TypeSafety"
  React:
    :path: "../node_modules/react-native/"
  React-bridging:
    :path: "../node_modules/react-native/ReactCommon"
  React-callinvoker:
    :path: "../node_modules/react-native/ReactCommon/callinvoker"
  React-Codegen:
    :path: build/generated/ios
  React-Core:
    :path: "../node_modules/react-native/"
  React-CoreModules:
    :path: "../node_modules/react-native/React/CoreModules"
  React-cxxreact:
    :path: "../node_modules/react-native/ReactCommon/cxxreact"
  React-jsi:
    :path: "../node_modules/react-native/ReactCommon/jsi"
  React-jsiexecutor:
    :path: "../node_modules/react-native/ReactCommon/jsiexecutor"
  React-jsinspector:
    :path: "../node_modules/react-native/ReactCommon/jsinspector"
  React-logger:
    :path: "../node_modules/react-native/ReactCommon/logger"
  react-native-cameraroll:
    :path: "../node_modules/@react-native-community/cameraroll"
  react-native-geolocation-service:
    :path: "../node_modules/react-native-geolocation-service"
  react-native-image-picker:
    :path: "../node_modules/react-native-image-picker"
  react-native-image-resizer:
    :path: "../node_modules/@bam.tech/react-native-image-resizer"
  react-native-pager-view:
    :path: "../node_modules/react-native-pager-view"
  react-native-safe-area-context:
    :path: "../node_modules/react-native-safe-area-context"
  react-native-segmented-control:
    :path: "../node_modules/@react-native-community/segmented-control"
  react-native-slider:
    :path: "../node_modules/@react-native-community/slider"
  react-native-video:
    :path: "../node_modules/react-native-video"
  react-native-webview:
    :path: "../node_modules/react-native-webview"
  React-perflogger:
    :path: "../node_modules/react-native/ReactCommon/reactperflogger"
  React-RCTActionSheet:
    :path: "../node_modules/react-native/Libraries/ActionSheetIOS"
  React-RCTAnimation:
    :path: "../node_modules/react-native/Libraries/NativeAnimation"
  React-RCTBlob:
    :path: "../node_modules/react-native/Libraries/Blob"
  React-RCTImage:
    :path: "../node_modules/react-native/Libraries/Image"
  React-RCTLinking:
    :path: "../node_modules/react-native/Libraries/LinkingIOS"
  React-RCTNetwork:
    :path: "../node_modules/react-native/Libraries/Network"
  React-RCTSettings:
    :path: "../node_modules/react-native/Libraries/Settings"
  React-RCTText:
    :path: "../node_modules/react-native/Libraries/Text"
  React-RCTVibration:
    :path: "../node_modules/react-native/Libraries/Vibration"
  React-runtimeexecutor:
    :path: "../node_modules/react-native/ReactCommon/runtimeexecutor"
  ReactCommon:
    :path: "../node_modules/react-native/ReactCommon"
  RNCAsyncStorage:
    :path: "../node_modules/@react-native-async-storage/async-storage"
  RNCClipboard:
    :path: "../node_modules/@react-native-clipboard/clipboard"
  RNCPicker:
    :path: "../node_modules/@react-native-picker/picker"
  RNFS:
    :path: "../node_modules/react-native-fs"
  RNGestureHandler:
    :path: "../node_modules/react-native-gesture-handler"
  RNReanimated:
    :path: "../node_modules/react-native-reanimated"
  RNScreens:
    :path: "../node_modules/react-native-screens"
  RNSVG:
    :path: "../node_modules/react-native-svg"
  vision-camera-code-scanner:
    :path: "../node_modules/vision-camera-code-scanner"
  VisionCamera:
    :path: "../node_modules/react-native-vision-camera"
  Yoga:
    :path: "../node_modules/react-native/ReactCommon/yoga"

SPEC CHECKSUMS:
  AliyunOSSiOS: 5d7c50ce7b39b2b0b10f603a5971cccb0f25eee2
  AliyunVideoSDKStd: c5844820be52db40840abe84f030e93d2023fd6a
  boost: a7c83b31436843459a1961bfd74b96033dc77234
  CocoaAsyncSocket: 065fd1e645c7abab64f7a6a2007a48038fdc6a99
  DoubleConversion: 5189b271737e1565bdce30deb4a08d647e3f5f54
  FBLazyVector: e3c1479be506060131807f2f2435af5107c58410
  FBReactNativeSpec: 1381e8c4230895b6c2d20cea6b216ac7096a95f0
  Flipper: 26fc4b7382499f1281eb8cb921e5c3ad6de91fe0
  Flipper-Boost-iOSX: fd1e2b8cbef7e662a122412d7ac5f5bea715403c
  Flipper-DoubleConversion: 2dc99b02f658daf147069aad9dbd29d8feb06d30
  Flipper-Fmt: 60cbdd92fc254826e61d669a5d87ef7015396a9b
  Flipper-Folly: 584845625005ff068a6ebf41f857f468decd26b3
  Flipper-Glog: 70c50ce58ddaf67dc35180db05f191692570f446
  Flipper-PeerTalk: 116d8f857dc6ef55c7a5a75ea3ceaafe878aadc9
  Flipper-RSocket: d9d9ade67cbecf6ac10730304bf5607266dd2541
  FlipperKit: cbdee19bdd4e7f05472a66ce290f1b729ba3cb86
  fmt: ff9d55029c625d3757ed641535fd4a75fedc7ce9
  glog: 3d02b25ca00c2d456734d0bcff864cbc62f6ae1a
  GoogleDataTransport: 1c8145da7117bd68bbbed00cf304edb6a24de00f
  GoogleMLKit: 0017a6a8372e1a182139b9def4d89be5d87ca5a7
  GoogleToolboxForMac: 8bef7c7c5cf7291c687cf5354f39f9db6399ad34
  GoogleUtilities: 1d20a6ad97ef46f67bbdec158ce00563a671ebb7
  GoogleUtilitiesComponents: 679b2c881db3b615a2777504623df6122dd20afe
  GTMSessionFetcher: 5595ec75acf5be50814f81e9189490412bad82ba
  libevent: 4049cae6c81cdb3654a443be001fb9bdceff7913
  lottie-ios: 69495122151a378fdc7d1bb4c5930347e37baf1f
  lottie-react-native: b702fab740cdb952a8e2354713d3beda63ff97b0
  MLImage: 489dfec109f21da8621b28d476401aaf7a0d4ff4
  MLKitBarcodeScanning: d92fe1911001ec36870162c5a0eb206f612b7169
  MLKitCommon: f6da6c5659618c070b50a80db01248ebe2964175
  MLKitVision: 96c96571190b7f63eddf4a12068ce8a8689e0d2c
  nanopb: b552cce312b6c8484180ef47159bc0f65a1f0431
  OpenSSL-Universal: ebc357f1e6bc71fa463ccb2fe676756aff50e88c
  PromisesObjC: ab77feca74fa2823e7af4249b8326368e61014cb
  PromisesSwift: 99fddfe4a0ec88a56486644c0da106694c92a604
  Protobuf: 02524ec14183fe08fb259741659e79683788158b
  QuCore-ThirdParty: c94982b619c63f68c05b7778c5deb03127b4f954
  RCT-Folly: b9d9fe1fc70114b751c076104e52f3b1b5e5a95a
  RCTRequired: b723d4d6da2795df58189a01f92856b6912cf256
  RCTTypeSafety: 3973d2fcf39f43f7819e840d56ea6b2fe45996a0
  React: 242d4ffb093ed57c4761307a69b23b2479930ae9
  React-bridging: 66938204bc9d703b9c357201a40bf498aeb14412
  React-callinvoker: bf0a87845bc3158eec32be848bd9546e79d6dd25
  React-Codegen: e5c04fc987e909433915f247699402ece1955aa0
  React-Core: 5acd5715010b56d23846859b3a68c316dad09d5b
  React-CoreModules: 73db18e3aaf5e29f73e4b7c9ddf6ead823795d06
  React-cxxreact: 0fc57a199d2d69c0e0401c9eab944be9b972bf1b
  React-jsi: f845df5e8fd5688cab3cdaaa06f5413e791a01bd
  React-jsiexecutor: 7c23e92591431ac925f430b3118de934cb816ac0
  React-jsinspector: 31e53f048cc8f32605de36981903a7bbf9456892
  React-logger: 9a6c684d5cd56c4129e0c2842dba75c4bfb1e981
  react-native-cameraroll: 2957f2bce63ae896a848fbe0d5352c1bd4d20866
  react-native-geolocation-service: 608e1da71a1ac31b4de64d9ef2815f697978c55b
  react-native-image-picker: 4bc9ed38c8be255b515d8c88babbaf74973f91a8
  react-native-image-resizer: 794abf75ec13ed1f0dbb1f134e27504ea65e9e66
  react-native-pager-view: da490aa1f902c9a5aeecf0909cc975ad0e92e53e
  react-native-safe-area-context: 99b24a0c5acd0d5dcac2b1a7f18c49ea317be99a
  react-native-segmented-control: 65df6cd0619b780b3843d574a72d4c7cec396097
  react-native-slider: e540525ea731783850802b7af457d8551edb0711
  react-native-video: 3b4fa3b67e6d8efcfba6c27231a7a493c28d4f1f
  react-native-webview: d33e2db8925d090871ffeb232dfa50cb3a727581
  React-perflogger: 281c34e42f13245c7a4d6932364d9182f8655e1a
  React-RCTActionSheet: 92f4292754a1b4a0e42bf9b1489206a06f878929
  React-RCTAnimation: 2a5bb5549758e4e594481633f3db649d11519f75
  React-RCTBlob: cf573ac95fc612ed4440cad0b92161722430de87
  React-RCTImage: af8b9a46a743937db396fcb43320f57b570661dc
  React-RCTLinking: 81029ed5767d2a2c13c03caeed32f87b72e73838
  React-RCTNetwork: 24c2b13acdcd43af39b2da90584c92e7799ee366
  React-RCTSettings: 028b0e20ff60d2c7ba47cedec8e99e69b6691c40
  React-RCTText: 6d17c2aead07b9de7ddc8765b580d0fb4b1d2e50
  React-RCTVibration: 0d07f00705b5f11e88aaaaf9131f5e1785d4bd6e
  React-runtimeexecutor: 8030b9cf9b9e87b878d92da680b55b5e74c58e70
  ReactCommon: a9414b91f0d19de002b55d9f4f6cb176d6dd8452
  RNCAsyncStorage: 0c357f3156fcb16c8589ede67cc036330b6698ca
  RNCClipboard: 2834e1c4af68697089cdd455ee4a4cdd198fa7dd
  RNCPicker: 0bf8ef8f7800524f32d2bb2a8bcadd53eda0ecd1
  RNFS: 4ac0f0ea233904cb798630b3c077808c06931688
  RNGestureHandler: 62232ba8f562f7dea5ba1b3383494eb5bf97a4d3
  RNReanimated: 7faa787e8d4493fbc95fab2ad331fa7625828cfa
  RNScreens: 34cc502acf1b916c582c60003dc3089fa01dc66d
  RNSVG: 07dbd870b0dcdecc99b3a202fa37c8ca163caec2
  SocketRocket: fccef3f9c5cedea1353a9ef6ada904fde10d6608
  vision-camera-code-scanner: dda884a7f3ec8243a2a6d6489b91860648371bca
  VisionCamera: 9f2eaf9769cdd50b86016b01a0ac24d490c0e414
  VODUpload: 57651539af6a40a5d74c3e1b26165251b670a388
  Yoga: 236056dd74cda4d9d76c20306fd8c20bb087614d
  YogaKit: f782866e155069a2cca2517aafea43200b01fd5a

PODFILE CHECKSUM: 7e667a46ee71536efa691506f1151dc95073051e

COCOAPODS: 1.11.3
